// !$*UTF8*$!
{
	archiveVersion = 1;
	classes = {
	};
	objectVersion = 46;
	objects = {

/* Begin PBXBuildFile section */
		5F1333CD163E327F00041DE5 /* NSObject+SBJson.m in Sources */ = {isa = PBXBuildFile; fileRef = 5F1333B5163E327F00041DE5 /* NSObject+SBJson.m */; };
		5F1333CE163E327F00041DE5 /* SBJsonParser.m in Sources */ = {isa = PBXBuildFile; fileRef = 5F1333B8163E327F00041DE5 /* SBJsonParser.m */; };
		5F1333CF163E327F00041DE5 /* SBJsonStreamParser.m in Sources */ = {isa = PBXBuildFile; fileRef = 5F1333BA163E327F00041DE5 /* SBJsonStreamParser.m */; };
		5F1333D0163E327F00041DE5 /* SBJsonStreamParserAccumulator.m in Sources */ = {isa = PBXBuildFile; fileRef = 5F1333BC163E327F00041DE5 /* SBJsonStreamParserAccumulator.m */; };
		5F1333D1163E327F00041DE5 /* SBJsonStreamParserAdapter.m in Sources */ = {isa = PBXBuildFile; fileRef = 5F1333BE163E327F00041DE5 /* SBJsonStreamParserAdapter.m */; };
		5F1333D2163E327F00041DE5 /* SBJsonStreamParserState.m in Sources */ = {isa = PBXBuildFile; fileRef = 5F1333C0163E327F00041DE5 /* SBJsonStreamParserState.m */; };
		5F1333D3163E327F00041DE5 /* SBJsonStreamWriter.m in Sources */ = {isa = PBXBuildFile; fileRef = 5F1333C2163E327F00041DE5 /* SBJsonStreamWriter.m */; };
		5F1333D4163E327F00041DE5 /* SBJsonStreamWriterAccumulator.m in Sources */ = {isa = PBXBuildFile; fileRef = 5F1333C4163E327F00041DE5 /* SBJsonStreamWriterAccumulator.m */; };
		5F1333D5163E327F00041DE5 /* SBJsonStreamWriterState.m in Sources */ = {isa = PBXBuildFile; fileRef = 5F1333C6163E327F00041DE5 /* SBJsonStreamWriterState.m */; };
		5F1333D6163E327F00041DE5 /* SBJsonTokeniser.m in Sources */ = {isa = PBXBuildFile; fileRef = 5F1333C8163E327F00041DE5 /* SBJsonTokeniser.m */; };
		5F1333D7163E327F00041DE5 /* SBJsonUTF8Stream.m in Sources */ = {isa = PBXBuildFile; fileRef = 5F1333CA163E327F00041DE5 /* SBJsonUTF8Stream.m */; };
		5F1333D8163E327F00041DE5 /* SBJsonWriter.m in Sources */ = {isa = PBXBuildFile; fileRef = 5F1333CC163E327F00041DE5 /* SBJsonWriter.m */; };
		5F1333E1163E37EC00041DE5 /* MTSelecterTransation.m in Sources */ = {isa = PBXBuildFile; fileRef = 5F1333E0163E37EC00041DE5 /* MTSelecterTransation.m */; };
		5F27BFF2163F6EAA00B4C89A /* MTConfig.m in Sources */ = {isa = PBXBuildFile; fileRef = 5F27BFF1163F6EAA00B4C89A /* MTConfig.m */; };
		5F27BFF5163F6F2E00B4C89A /* config.plist in Resources */ = {isa = PBXBuildFile; fileRef = 5F27BFF4163F6F2E00B4C89A /* config.plist */; };
		5F27BFF8163F6F4600B4C89A /* KPConfig.m in Sources */ = {isa = PBXBuildFile; fileRef = 5F27BFF7163F6F4600B4C89A /* KPConfig.m */; };
		5F27BFFA163F8FD700B4C89A /* qb.jpg in Resources */ = {isa = PBXBuildFile; fileRef = 5F27BFF9163F8FD700B4C89A /* qb.jpg */; };
		5F4E69C6163A8EC900947D39 /* UIKit.framework in Frameworks */ = {isa = PBXBuildFile; fileRef = 5F4E69C5163A8EC900947D39 /* UIKit.framework */; };
		5F4E69C8163A8EC900947D39 /* Foundation.framework in Frameworks */ = {isa = PBXBuildFile; fileRef = 5F4E69C7163A8EC900947D39 /* Foundation.framework */; };
		5F4E69CA163A8EC900947D39 /* CoreGraphics.framework in Frameworks */ = {isa = PBXBuildFile; fileRef = 5F4E69C9163A8EC900947D39 /* CoreGraphics.framework */; };
		5F4E69D0163A8EC900947D39 /* InfoPlist.strings in Resources */ = {isa = PBXBuildFile; fileRef = 5F4E69CE163A8EC900947D39 /* InfoPlist.strings */; };
		5F4E69D2163A8EC900947D39 /* main.m in Sources */ = {isa = PBXBuildFile; fileRef = 5F4E69D1163A8EC900947D39 /* main.m */; };
		5F4E69D6163A8EC900947D39 /* KPAppDelegate.m in Sources */ = {isa = PBXBuildFile; fileRef = 5F4E69D5163A8EC900947D39 /* KPAppDelegate.m */; };
		5F4E69D8163A8EC900947D39 /* Default.png in Resources */ = {isa = PBXBuildFile; fileRef = 5F4E69D7163A8EC900947D39 /* Default.png */; };
		5F4E69DA163A8EC900947D39 /* Default@2x.png in Resources */ = {isa = PBXBuildFile; fileRef = 5F4E69D9163A8EC900947D39 /* Default@2x.png */; };
		5F4E69DC163A8EC900947D39 /* Default-568h@2x.png in Resources */ = {isa = PBXBuildFile; fileRef = 5F4E69DB163A8EC900947D39 /* Default-568h@2x.png */; };
		5F4E69DF163A8EC900947D39 /* KPViewController.m in Sources */ = {isa = PBXBuildFile; fileRef = 5F4E69DE163A8EC900947D39 /* KPViewController.m */; };
		5F4E69E2163A8EC900947D39 /* KPViewController.xib in Resources */ = {isa = PBXBuildFile; fileRef = 5F4E69E0163A8EC900947D39 /* KPViewController.xib */; };
		5F4E69FC163A8EF100947D39 /* AFHTTPClient.m in Sources */ = {isa = PBXBuildFile; fileRef = 5F4E69EA163A8EF100947D39 /* AFHTTPClient.m */; };
		5F4E69FD163A8EF100947D39 /* AFHTTPRequestOperation.m in Sources */ = {isa = PBXBuildFile; fileRef = 5F4E69EC163A8EF100947D39 /* AFHTTPRequestOperation.m */; };
		5F4E69FE163A8EF100947D39 /* AFImageRequestOperation.m in Sources */ = {isa = PBXBuildFile; fileRef = 5F4E69EE163A8EF100947D39 /* AFImageRequestOperation.m */; };
		5F4E69FF163A8EF100947D39 /* AFJSONRequestOperation.m in Sources */ = {isa = PBXBuildFile; fileRef = 5F4E69F0163A8EF100947D39 /* AFJSONRequestOperation.m */; };
		5F4E6A00163A8EF100947D39 /* AFNetworkActivityIndicatorManager.m in Sources */ = {isa = PBXBuildFile; fileRef = 5F4E69F2163A8EF100947D39 /* AFNetworkActivityIndicatorManager.m */; };
		5F4E6A01163A8EF100947D39 /* AFPropertyListRequestOperation.m in Sources */ = {isa = PBXBuildFile; fileRef = 5F4E69F5163A8EF100947D39 /* AFPropertyListRequestOperation.m */; };
		5F4E6A02163A8EF100947D39 /* AFURLConnectionOperation.m in Sources */ = {isa = PBXBuildFile; fileRef = 5F4E69F7163A8EF100947D39 /* AFURLConnectionOperation.m */; };
		5F4E6A03163A8EF100947D39 /* AFXMLRequestOperation.m in Sources */ = {isa = PBXBuildFile; fileRef = 5F4E69F9163A8EF100947D39 /* AFXMLRequestOperation.m */; };
		5F4E6A04163A8EF100947D39 /* UIImageView+AFNetworking.m in Sources */ = {isa = PBXBuildFile; fileRef = 5F4E69FB163A8EF100947D39 /* UIImageView+AFNetworking.m */; };
		5F4E6A08163A904400947D39 /* KPClient.m in Sources */ = {isa = PBXBuildFile; fileRef = 5F4E6A07163A904400947D39 /* KPClient.m */; };
		5F4E6A0B163A907300947D39 /* KPOAuth.m in Sources */ = {isa = PBXBuildFile; fileRef = 5F4E6A0A163A907300947D39 /* KPOAuth.m */; };
		5F4E6A13163A93E300947D39 /* SystemConfiguration.framework in Frameworks */ = {isa = PBXBuildFile; fileRef = 5F4E6A12163A93E300947D39 /* SystemConfiguration.framework */; };
		5F4E6A15163A93FA00947D39 /* MobileCoreServices.framework in Frameworks */ = {isa = PBXBuildFile; fileRef = 5F4E6A14163A93FA00947D39 /* MobileCoreServices.framework */; };
		5F4E6A18163A990900947D39 /* KPTools.m in Sources */ = {isa = PBXBuildFile; fileRef = 5F4E6A17163A990800947D39 /* KPTools.m */; };
		5FB21D39163E5CBC0081E575 /* KPOAuthInfo.m in Sources */ = {isa = PBXBuildFile; fileRef = 5FB21D38163E5CBB0081E575 /* KPOAuthInfo.m */; };
		FE9116E8163ED78E00D380D8 /* KPAuthorizeViewController.m in Sources */ = {isa = PBXBuildFile; fileRef = FE9116E7163ED78D00D380D8 /* KPAuthorizeViewController.m */; };
/* End PBXBuildFile section */

/* Begin PBXFileReference section */
		5F1333B4163E327F00041DE5 /* NSObject+SBJson.h */ = {isa = PBXFileReference; fileEncoding = 4; lastKnownFileType = sourcecode.c.h; path = "NSObject+SBJson.h"; sourceTree = "<group>"; };
		5F1333B5163E327F00041DE5 /* NSObject+SBJson.m */ = {isa = PBXFileReference; fileEncoding = 4; lastKnownFileType = sourcecode.c.objc; path = "NSObject+SBJson.m"; sourceTree = "<group>"; };
		5F1333B6163E327F00041DE5 /* SBJson.h */ = {isa = PBXFileReference; fileEncoding = 4; lastKnownFileType = sourcecode.c.h; path = SBJson.h; sourceTree = "<group>"; };
		5F1333B7163E327F00041DE5 /* SBJsonParser.h */ = {isa = PBXFileReference; fileEncoding = 4; lastKnownFileType = sourcecode.c.h; path = SBJsonParser.h; sourceTree = "<group>"; };
		5F1333B8163E327F00041DE5 /* SBJsonParser.m */ = {isa = PBXFileReference; fileEncoding = 4; lastKnownFileType = sourcecode.c.objc; path = SBJsonParser.m; sourceTree = "<group>"; };
		5F1333B9163E327F00041DE5 /* SBJsonStreamParser.h */ = {isa = PBXFileReference; fileEncoding = 4; lastKnownFileType = sourcecode.c.h; path = SBJsonStreamParser.h; sourceTree = "<group>"; };
		5F1333BA163E327F00041DE5 /* SBJsonStreamParser.m */ = {isa = PBXFileReference; fileEncoding = 4; lastKnownFileType = sourcecode.c.objc; path = SBJsonStreamParser.m; sourceTree = "<group>"; };
		5F1333BB163E327F00041DE5 /* SBJsonStreamParserAccumulator.h */ = {isa = PBXFileReference; fileEncoding = 4; lastKnownFileType = sourcecode.c.h; path = SBJsonStreamParserAccumulator.h; sourceTree = "<group>"; };
		5F1333BC163E327F00041DE5 /* SBJsonStreamParserAccumulator.m */ = {isa = PBXFileReference; fileEncoding = 4; lastKnownFileType = sourcecode.c.objc; path = SBJsonStreamParserAccumulator.m; sourceTree = "<group>"; };
		5F1333BD163E327F00041DE5 /* SBJsonStreamParserAdapter.h */ = {isa = PBXFileReference; fileEncoding = 4; lastKnownFileType = sourcecode.c.h; path = SBJsonStreamParserAdapter.h; sourceTree = "<group>"; };
		5F1333BE163E327F00041DE5 /* SBJsonStreamParserAdapter.m */ = {isa = PBXFileReference; fileEncoding = 4; lastKnownFileType = sourcecode.c.objc; path = SBJsonStreamParserAdapter.m; sourceTree = "<group>"; };
		5F1333BF163E327F00041DE5 /* SBJsonStreamParserState.h */ = {isa = PBXFileReference; fileEncoding = 4; lastKnownFileType = sourcecode.c.h; path = SBJsonStreamParserState.h; sourceTree = "<group>"; };
		5F1333C0163E327F00041DE5 /* SBJsonStreamParserState.m */ = {isa = PBXFileReference; fileEncoding = 4; lastKnownFileType = sourcecode.c.objc; path = SBJsonStreamParserState.m; sourceTree = "<group>"; };
		5F1333C1163E327F00041DE5 /* SBJsonStreamWriter.h */ = {isa = PBXFileReference; fileEncoding = 4; lastKnownFileType = sourcecode.c.h; path = SBJsonStreamWriter.h; sourceTree = "<group>"; };
		5F1333C2163E327F00041DE5 /* SBJsonStreamWriter.m */ = {isa = PBXFileReference; fileEncoding = 4; lastKnownFileType = sourcecode.c.objc; path = SBJsonStreamWriter.m; sourceTree = "<group>"; };
		5F1333C3163E327F00041DE5 /* SBJsonStreamWriterAccumulator.h */ = {isa = PBXFileReference; fileEncoding = 4; lastKnownFileType = sourcecode.c.h; path = SBJsonStreamWriterAccumulator.h; sourceTree = "<group>"; };
		5F1333C4163E327F00041DE5 /* SBJsonStreamWriterAccumulator.m */ = {isa = PBXFileReference; fileEncoding = 4; lastKnownFileType = sourcecode.c.objc; path = SBJsonStreamWriterAccumulator.m; sourceTree = "<group>"; };
		5F1333C5163E327F00041DE5 /* SBJsonStreamWriterState.h */ = {isa = PBXFileReference; fileEncoding = 4; lastKnownFileType = sourcecode.c.h; path = SBJsonStreamWriterState.h; sourceTree = "<group>"; };
		5F1333C6163E327F00041DE5 /* SBJsonStreamWriterState.m */ = {isa = PBXFileReference; fileEncoding = 4; lastKnownFileType = sourcecode.c.objc; path = SBJsonStreamWriterState.m; sourceTree = "<group>"; };
		5F1333C7163E327F00041DE5 /* SBJsonTokeniser.h */ = {isa = PBXFileReference; fileEncoding = 4; lastKnownFileType = sourcecode.c.h; path = SBJsonTokeniser.h; sourceTree = "<group>"; };
		5F1333C8163E327F00041DE5 /* SBJsonTokeniser.m */ = {isa = PBXFileReference; fileEncoding = 4; lastKnownFileType = sourcecode.c.objc; path = SBJsonTokeniser.m; sourceTree = "<group>"; };
		5F1333C9163E327F00041DE5 /* SBJsonUTF8Stream.h */ = {isa = PBXFileReference; fileEncoding = 4; lastKnownFileType = sourcecode.c.h; path = SBJsonUTF8Stream.h; sourceTree = "<group>"; };
		5F1333CA163E327F00041DE5 /* SBJsonUTF8Stream.m */ = {isa = PBXFileReference; fileEncoding = 4; lastKnownFileType = sourcecode.c.objc; path = SBJsonUTF8Stream.m; sourceTree = "<group>"; };
		5F1333CB163E327F00041DE5 /* SBJsonWriter.h */ = {isa = PBXFileReference; fileEncoding = 4; lastKnownFileType = sourcecode.c.h; path = SBJsonWriter.h; sourceTree = "<group>"; };
		5F1333CC163E327F00041DE5 /* SBJsonWriter.m */ = {isa = PBXFileReference; fileEncoding = 4; lastKnownFileType = sourcecode.c.objc; path = SBJsonWriter.m; sourceTree = "<group>"; };
		5F1333DF163E37EC00041DE5 /* MTSelecterTransation.h */ = {isa = PBXFileReference; fileEncoding = 4; lastKnownFileType = sourcecode.c.h; path = MTSelecterTransation.h; sourceTree = "<group>"; };
		5F1333E0163E37EC00041DE5 /* MTSelecterTransation.m */ = {isa = PBXFileReference; fileEncoding = 4; lastKnownFileType = sourcecode.c.objc; path = MTSelecterTransation.m; sourceTree = "<group>"; };
		5F27BFF0163F6EAA00B4C89A /* MTConfig.h */ = {isa = PBXFileReference; fileEncoding = 4; lastKnownFileType = sourcecode.c.h; path = MTConfig.h; sourceTree = "<group>"; };
		5F27BFF1163F6EAA00B4C89A /* MTConfig.m */ = {isa = PBXFileReference; fileEncoding = 4; lastKnownFileType = sourcecode.c.objc; path = MTConfig.m; sourceTree = "<group>"; };
		5F27BFF4163F6F2E00B4C89A /* config.plist */ = {isa = PBXFileReference; fileEncoding = 4; lastKnownFileType = text.plist.xml; path = config.plist; sourceTree = "<group>"; };
		5F27BFF6163F6F4600B4C89A /* KPConfig.h */ = {isa = PBXFileReference; fileEncoding = 4; lastKnownFileType = sourcecode.c.h; path = KPConfig.h; sourceTree = "<group>"; };
		5F27BFF7163F6F4600B4C89A /* KPConfig.m */ = {isa = PBXFileReference; fileEncoding = 4; lastKnownFileType = sourcecode.c.objc; path = KPConfig.m; sourceTree = "<group>"; };
		5F27BFF9163F8FD700B4C89A /* qb.jpg */ = {isa = PBXFileReference; lastKnownFileType = image.jpeg; path = qb.jpg; sourceTree = "<group>"; };
		5F4E69C1163A8EC800947D39 /* KuaiPan.app */ = {isa = PBXFileReference; explicitFileType = wrapper.application; includeInIndex = 0; path = KuaiPan.app; sourceTree = BUILT_PRODUCTS_DIR; };
		5F4E69C5163A8EC900947D39 /* UIKit.framework */ = {isa = PBXFileReference; lastKnownFileType = wrapper.framework; name = UIKit.framework; path = System/Library/Frameworks/UIKit.framework; sourceTree = SDKROOT; };
		5F4E69C7163A8EC900947D39 /* Foundation.framework */ = {isa = PBXFileReference; lastKnownFileType = wrapper.framework; name = Foundation.framework; path = System/Library/Frameworks/Foundation.framework; sourceTree = SDKROOT; };
		5F4E69C9163A8EC900947D39 /* CoreGraphics.framework */ = {isa = PBXFileReference; lastKnownFileType = wrapper.framework; name = CoreGraphics.framework; path = System/Library/Frameworks/CoreGraphics.framework; sourceTree = SDKROOT; };
		5F4E69CD163A8EC900947D39 /* KuaiPan-Info.plist */ = {isa = PBXFileReference; lastKnownFileType = text.plist.xml; path = "KuaiPan-Info.plist"; sourceTree = "<group>"; };
		5F4E69CF163A8EC900947D39 /* en */ = {isa = PBXFileReference; lastKnownFileType = text.plist.strings; name = en; path = en.lproj/InfoPlist.strings; sourceTree = "<group>"; };
		5F4E69D1163A8EC900947D39 /* main.m */ = {isa = PBXFileReference; lastKnownFileType = sourcecode.c.objc; path = main.m; sourceTree = "<group>"; };
		5F4E69D3163A8EC900947D39 /* KuaiPan-Prefix.pch */ = {isa = PBXFileReference; lastKnownFileType = sourcecode.c.h; path = "KuaiPan-Prefix.pch"; sourceTree = "<group>"; };
		5F4E69D4163A8EC900947D39 /* KPAppDelegate.h */ = {isa = PBXFileReference; lastKnownFileType = sourcecode.c.h; path = KPAppDelegate.h; sourceTree = "<group>"; };
		5F4E69D5163A8EC900947D39 /* KPAppDelegate.m */ = {isa = PBXFileReference; lastKnownFileType = sourcecode.c.objc; path = KPAppDelegate.m; sourceTree = "<group>"; };
		5F4E69D7163A8EC900947D39 /* Default.png */ = {isa = PBXFileReference; lastKnownFileType = image.png; path = Default.png; sourceTree = "<group>"; };
		5F4E69D9163A8EC900947D39 /* Default@2x.png */ = {isa = PBXFileReference; lastKnownFileType = image.png; path = "Default@2x.png"; sourceTree = "<group>"; };
		5F4E69DB163A8EC900947D39 /* Default-568h@2x.png */ = {isa = PBXFileReference; lastKnownFileType = image.png; path = "Default-568h@2x.png"; sourceTree = "<group>"; };
		5F4E69DD163A8EC900947D39 /* KPViewController.h */ = {isa = PBXFileReference; lastKnownFileType = sourcecode.c.h; path = KPViewController.h; sourceTree = "<group>"; };
		5F4E69DE163A8EC900947D39 /* KPViewController.m */ = {isa = PBXFileReference; lastKnownFileType = sourcecode.c.objc; path = KPViewController.m; sourceTree = "<group>"; };
		5F4E69E1163A8EC900947D39 /* en */ = {isa = PBXFileReference; lastKnownFileType = file.xib; name = en; path = en.lproj/KPViewController.xib; sourceTree = "<group>"; };
		5F4E69E9163A8EF100947D39 /* AFHTTPClient.h */ = {isa = PBXFileReference; fileEncoding = 4; lastKnownFileType = sourcecode.c.h; path = AFHTTPClient.h; sourceTree = "<group>"; };
		5F4E69EA163A8EF100947D39 /* AFHTTPClient.m */ = {isa = PBXFileReference; fileEncoding = 4; lastKnownFileType = sourcecode.c.objc; path = AFHTTPClient.m; sourceTree = "<group>"; };
		5F4E69EB163A8EF100947D39 /* AFHTTPRequestOperation.h */ = {isa = PBXFileReference; fileEncoding = 4; lastKnownFileType = sourcecode.c.h; path = AFHTTPRequestOperation.h; sourceTree = "<group>"; };
		5F4E69EC163A8EF100947D39 /* AFHTTPRequestOperation.m */ = {isa = PBXFileReference; fileEncoding = 4; lastKnownFileType = sourcecode.c.objc; path = AFHTTPRequestOperation.m; sourceTree = "<group>"; };
		5F4E69ED163A8EF100947D39 /* AFImageRequestOperation.h */ = {isa = PBXFileReference; fileEncoding = 4; lastKnownFileType = sourcecode.c.h; path = AFImageRequestOperation.h; sourceTree = "<group>"; };
		5F4E69EE163A8EF100947D39 /* AFImageRequestOperation.m */ = {isa = PBXFileReference; fileEncoding = 4; lastKnownFileType = sourcecode.c.objc; path = AFImageRequestOperation.m; sourceTree = "<group>"; };
		5F4E69EF163A8EF100947D39 /* AFJSONRequestOperation.h */ = {isa = PBXFileReference; fileEncoding = 4; lastKnownFileType = sourcecode.c.h; path = AFJSONRequestOperation.h; sourceTree = "<group>"; };
		5F4E69F0163A8EF100947D39 /* AFJSONRequestOperation.m */ = {isa = PBXFileReference; fileEncoding = 4; lastKnownFileType = sourcecode.c.objc; path = AFJSONRequestOperation.m; sourceTree = "<group>"; };
		5F4E69F1163A8EF100947D39 /* AFNetworkActivityIndicatorManager.h */ = {isa = PBXFileReference; fileEncoding = 4; lastKnownFileType = sourcecode.c.h; path = AFNetworkActivityIndicatorManager.h; sourceTree = "<group>"; };
		5F4E69F2163A8EF100947D39 /* AFNetworkActivityIndicatorManager.m */ = {isa = PBXFileReference; fileEncoding = 4; lastKnownFileType = sourcecode.c.objc; path = AFNetworkActivityIndicatorManager.m; sourceTree = "<group>"; };
		5F4E69F3163A8EF100947D39 /* AFNetworking.h */ = {isa = PBXFileReference; fileEncoding = 4; lastKnownFileType = sourcecode.c.h; path = AFNetworking.h; sourceTree = "<group>"; };
		5F4E69F4163A8EF100947D39 /* AFPropertyListRequestOperation.h */ = {isa = PBXFileReference; fileEncoding = 4; lastKnownFileType = sourcecode.c.h; path = AFPropertyListRequestOperation.h; sourceTree = "<group>"; };
		5F4E69F5163A8EF100947D39 /* AFPropertyListRequestOperation.m */ = {isa = PBXFileReference; fileEncoding = 4; lastKnownFileType = sourcecode.c.objc; path = AFPropertyListRequestOperation.m; sourceTree = "<group>"; };
		5F4E69F6163A8EF100947D39 /* AFURLConnectionOperation.h */ = {isa = PBXFileReference; fileEncoding = 4; lastKnownFileType = sourcecode.c.h; path = AFURLConnectionOperation.h; sourceTree = "<group>"; };
		5F4E69F7163A8EF100947D39 /* AFURLConnectionOperation.m */ = {isa = PBXFileReference; fileEncoding = 4; lastKnownFileType = sourcecode.c.objc; path = AFURLConnectionOperation.m; sourceTree = "<group>"; };
		5F4E69F8163A8EF100947D39 /* AFXMLRequestOperation.h */ = {isa = PBXFileReference; fileEncoding = 4; lastKnownFileType = sourcecode.c.h; path = AFXMLRequestOperation.h; sourceTree = "<group>"; };
		5F4E69F9163A8EF100947D39 /* AFXMLRequestOperation.m */ = {isa = PBXFileReference; fileEncoding = 4; lastKnownFileType = sourcecode.c.objc; path = AFXMLRequestOperation.m; sourceTree = "<group>"; };
		5F4E69FA163A8EF100947D39 /* UIImageView+AFNetworking.h */ = {isa = PBXFileReference; fileEncoding = 4; lastKnownFileType = sourcecode.c.h; path = "UIImageView+AFNetworking.h"; sourceTree = "<group>"; };
		5F4E69FB163A8EF100947D39 /* UIImageView+AFNetworking.m */ = {isa = PBXFileReference; fileEncoding = 4; lastKnownFileType = sourcecode.c.objc; path = "UIImageView+AFNetworking.m"; sourceTree = "<group>"; };
		5F4E6A06163A904400947D39 /* KPClient.h */ = {isa = PBXFileReference; fileEncoding = 4; lastKnownFileType = sourcecode.c.h; path = KPClient.h; sourceTree = "<group>"; };
		5F4E6A07163A904400947D39 /* KPClient.m */ = {isa = PBXFileReference; fileEncoding = 4; lastKnownFileType = sourcecode.c.objc; path = KPClient.m; sourceTree = "<group>"; };
		5F4E6A09163A907300947D39 /* KPOAuth.h */ = {isa = PBXFileReference; fileEncoding = 4; lastKnownFileType = sourcecode.c.h; path = KPOAuth.h; sourceTree = "<group>"; };
		5F4E6A0A163A907300947D39 /* KPOAuth.m */ = {isa = PBXFileReference; fileEncoding = 4; lastKnownFileType = sourcecode.c.objc; path = KPOAuth.m; sourceTree = "<group>"; };
		5F4E6A12163A93E300947D39 /* SystemConfiguration.framework */ = {isa = PBXFileReference; lastKnownFileType = wrapper.framework; name = SystemConfiguration.framework; path = System/Library/Frameworks/SystemConfiguration.framework; sourceTree = SDKROOT; };
		5F4E6A14163A93FA00947D39 /* MobileCoreServices.framework */ = {isa = PBXFileReference; lastKnownFileType = wrapper.framework; name = MobileCoreServices.framework; path = System/Library/Frameworks/MobileCoreServices.framework; sourceTree = SDKROOT; };
		5F4E6A16163A990800947D39 /* KPTools.h */ = {isa = PBXFileReference; fileEncoding = 4; lastKnownFileType = sourcecode.c.h; path = KPTools.h; sourceTree = "<group>"; };
		5F4E6A17163A990800947D39 /* KPTools.m */ = {isa = PBXFileReference; fileEncoding = 4; lastKnownFileType = sourcecode.c.objc; path = KPTools.m; sourceTree = "<group>"; };
		5FB21D37163E5CBB0081E575 /* KPOAuthInfo.h */ = {isa = PBXFileReference; fileEncoding = 4; lastKnownFileType = sourcecode.c.h; path = KPOAuthInfo.h; sourceTree = "<group>"; };
		5FB21D38163E5CBB0081E575 /* KPOAuthInfo.m */ = {isa = PBXFileReference; fileEncoding = 4; lastKnownFileType = sourcecode.c.objc; path = KPOAuthInfo.m; sourceTree = "<group>"; };
		FE9116E6163ED78D00D380D8 /* KPAuthorizeViewController.h */ = {isa = PBXFileReference; fileEncoding = 4; lastKnownFileType = sourcecode.c.h; path = KPAuthorizeViewController.h; sourceTree = "<group>"; };
		FE9116E7163ED78D00D380D8 /* KPAuthorizeViewController.m */ = {isa = PBXFileReference; fileEncoding = 4; lastKnownFileType = sourcecode.c.objc; path = KPAuthorizeViewController.m; sourceTree = "<group>"; };
/* End PBXFileReference section */

/* Begin PBXFrameworksBuildPhase section */
		5F4E69BE163A8EC800947D39 /* Frameworks */ = {
			isa = PBXFrameworksBuildPhase;
			buildActionMask = 2147483647;
			files = (
				5F4E6A15163A93FA00947D39 /* MobileCoreServices.framework in Frameworks */,
				5F4E6A13163A93E300947D39 /* SystemConfiguration.framework in Frameworks */,
				5F4E69C6163A8EC900947D39 /* UIKit.framework in Frameworks */,
				5F4E69C8163A8EC900947D39 /* Foundation.framework in Frameworks */,
				5F4E69CA163A8EC900947D39 /* CoreGraphics.framework in Frameworks */,
			);
			runOnlyForDeploymentPostprocessing = 0;
		};
/* End PBXFrameworksBuildPhase section */

/* Begin PBXGroup section */
		5F1333B3163E327F00041DE5 /* SBJson */ = {
			isa = PBXGroup;
			children = (
				5F1333B4163E327F00041DE5 /* NSObject+SBJson.h */,
				5F1333B5163E327F00041DE5 /* NSObject+SBJson.m */,
				5F1333B6163E327F00041DE5 /* SBJson.h */,
				5F1333B7163E327F00041DE5 /* SBJsonParser.h */,
				5F1333B8163E327F00041DE5 /* SBJsonParser.m */,
				5F1333B9163E327F00041DE5 /* SBJsonStreamParser.h */,
				5F1333BA163E327F00041DE5 /* SBJsonStreamParser.m */,
				5F1333BB163E327F00041DE5 /* SBJsonStreamParserAccumulator.h */,
				5F1333BC163E327F00041DE5 /* SBJsonStreamParserAccumulator.m */,
				5F1333BD163E327F00041DE5 /* SBJsonStreamParserAdapter.h */,
				5F1333BE163E327F00041DE5 /* SBJsonStreamParserAdapter.m */,
				5F1333BF163E327F00041DE5 /* SBJsonStreamParserState.h */,
				5F1333C0163E327F00041DE5 /* SBJsonStreamParserState.m */,
				5F1333C1163E327F00041DE5 /* SBJsonStreamWriter.h */,
				5F1333C2163E327F00041DE5 /* SBJsonStreamWriter.m */,
				5F1333C3163E327F00041DE5 /* SBJsonStreamWriterAccumulator.h */,
				5F1333C4163E327F00041DE5 /* SBJsonStreamWriterAccumulator.m */,
				5F1333C5163E327F00041DE5 /* SBJsonStreamWriterState.h */,
				5F1333C6163E327F00041DE5 /* SBJsonStreamWriterState.m */,
				5F1333C7163E327F00041DE5 /* SBJsonTokeniser.h */,
				5F1333C8163E327F00041DE5 /* SBJsonTokeniser.m */,
				5F1333C9163E327F00041DE5 /* SBJsonUTF8Stream.h */,
				5F1333CA163E327F00041DE5 /* SBJsonUTF8Stream.m */,
				5F1333CB163E327F00041DE5 /* SBJsonWriter.h */,
				5F1333CC163E327F00041DE5 /* SBJsonWriter.m */,
			);
			name = SBJson;
			path = "../../Vendor/json-framework/Classes";
			sourceTree = "<group>";
		};
		5F1333DD163E37EC00041DE5 /* Utile */ = {
			isa = PBXGroup;
			children = (
				5F27BFEF163F6EAA00B4C89A /* Config */,
				5F1333DE163E37EC00041DE5 /* SelecterTransation */,
			);
			path = Utile;
			sourceTree = "<group>";
		};
		5F1333DE163E37EC00041DE5 /* SelecterTransation */ = {
			isa = PBXGroup;
			children = (
				5F1333DF163E37EC00041DE5 /* MTSelecterTransation.h */,
				5F1333E0163E37EC00041DE5 /* MTSelecterTransation.m */,
			);
			path = SelecterTransation;
			sourceTree = "<group>";
		};
		5F27BFEF163F6EAA00B4C89A /* Config */ = {
			isa = PBXGroup;
			children = (
				5F27BFF0163F6EAA00B4C89A /* MTConfig.h */,
				5F27BFF1163F6EAA00B4C89A /* MTConfig.m */,
			);
			path = Config;
			sourceTree = "<group>";
		};
		5F4E69B6163A8EC800947D39 = {
			isa = PBXGroup;
			children = (
				5F4E69CB163A8EC900947D39 /* KuaiPan */,
				5F4E69C4163A8EC900947D39 /* Frameworks */,
				5F4E69C2163A8EC800947D39 /* Products */,
			);
			sourceTree = "<group>";
		};
		5F4E69C2163A8EC800947D39 /* Products */ = {
			isa = PBXGroup;
			children = (
				5F4E69C1163A8EC800947D39 /* KuaiPan.app */,
			);
			name = Products;
			sourceTree = "<group>";
		};
		5F4E69C4163A8EC900947D39 /* Frameworks */ = {
			isa = PBXGroup;
			children = (
				5F4E6A14163A93FA00947D39 /* MobileCoreServices.framework */,
				5F4E6A12163A93E300947D39 /* SystemConfiguration.framework */,
				5F4E69C5163A8EC900947D39 /* UIKit.framework */,
				5F4E69C7163A8EC900947D39 /* Foundation.framework */,
				5F4E69C9163A8EC900947D39 /* CoreGraphics.framework */,
			);
			name = Frameworks;
			sourceTree = "<group>";
		};
		5F4E69CB163A8EC900947D39 /* KuaiPan */ = {
			isa = PBXGroup;
			children = (
				5F1333B3163E327F00041DE5 /* SBJson */,
				5F4E69E8163A8EF100947D39 /* AFNetworking */,
				5F4E6A05163A8FA700947D39 /* SDK */,
				5F4E69D4163A8EC900947D39 /* KPAppDelegate.h */,
				5F4E69D5163A8EC900947D39 /* KPAppDelegate.m */,
				FE9116E6163ED78D00D380D8 /* KPAuthorizeViewController.h */,
				FE9116E7163ED78D00D380D8 /* KPAuthorizeViewController.m */,
				5F4E69DD163A8EC900947D39 /* KPViewController.h */,
				5F4E69DE163A8EC900947D39 /* KPViewController.m */,
				5F27BFF9163F8FD700B4C89A /* qb.jpg */,
				5F4E69E0163A8EC900947D39 /* KPViewController.xib */,
				5F4E69CC163A8EC900947D39 /* Supporting Files */,
			);
			path = KuaiPan;
			sourceTree = "<group>";
		};
		5F4E69CC163A8EC900947D39 /* Supporting Files */ = {
			isa = PBXGroup;
			children = (
				5F4E69CD163A8EC900947D39 /* KuaiPan-Info.plist */,
				5F4E69CE163A8EC900947D39 /* InfoPlist.strings */,
				5F4E69D1163A8EC900947D39 /* main.m */,
				5F4E69D3163A8EC900947D39 /* KuaiPan-Prefix.pch */,
				5F4E69D7163A8EC900947D39 /* Default.png */,
				5F4E69D9163A8EC900947D39 /* Default@2x.png */,
				5F4E69DB163A8EC900947D39 /* Default-568h@2x.png */,
			);
			name = "Supporting Files";
			sourceTree = "<group>";
		};
		5F4E69E8163A8EF100947D39 /* AFNetworking */ = {
			isa = PBXGroup;
			children = (
				5F4E69E9163A8EF100947D39 /* AFHTTPClient.h */,
				5F4E69EA163A8EF100947D39 /* AFHTTPClient.m */,
				5F4E69EB163A8EF100947D39 /* AFHTTPRequestOperation.h */,
				5F4E69EC163A8EF100947D39 /* AFHTTPRequestOperation.m */,
				5F4E69ED163A8EF100947D39 /* AFImageRequestOperation.h */,
				5F4E69EE163A8EF100947D39 /* AFImageRequestOperation.m */,
				5F4E69EF163A8EF100947D39 /* AFJSONRequestOperation.h */,
				5F4E69F0163A8EF100947D39 /* AFJSONRequestOperation.m */,
				5F4E69F1163A8EF100947D39 /* AFNetworkActivityIndicatorManager.h */,
				5F4E69F2163A8EF100947D39 /* AFNetworkActivityIndicatorManager.m */,
				5F4E69F3163A8EF100947D39 /* AFNetworking.h */,
				5F4E69F4163A8EF100947D39 /* AFPropertyListRequestOperation.h */,
				5F4E69F5163A8EF100947D39 /* AFPropertyListRequestOperation.m */,
				5F4E69F6163A8EF100947D39 /* AFURLConnectionOperation.h */,
				5F4E69F7163A8EF100947D39 /* AFURLConnectionOperation.m */,
				5F4E69F8163A8EF100947D39 /* AFXMLRequestOperation.h */,
				5F4E69F9163A8EF100947D39 /* AFXMLRequestOperation.m */,
				5F4E69FA163A8EF100947D39 /* UIImageView+AFNetworking.h */,
				5F4E69FB163A8EF100947D39 /* UIImageView+AFNetworking.m */,
			);
			name = AFNetworking;
			path = ../../Vendor/AFNetworking/AFNetworking;
			sourceTree = "<group>";
		};
		5F4E6A05163A8FA700947D39 /* SDK */ = {
			isa = PBXGroup;
			children = (
				5F1333DD163E37EC00041DE5 /* Utile */,
				5FB21D37163E5CBB0081E575 /* KPOAuthInfo.h */,
				5FB21D38163E5CBB0081E575 /* KPOAuthInfo.m */,
				5F4E6A06163A904400947D39 /* KPClient.h */,
				5F4E6A07163A904400947D39 /* KPClient.m */,
				5F4E6A09163A907300947D39 /* KPOAuth.h */,
				5F4E6A0A163A907300947D39 /* KPOAuth.m */,
				5F4E6A16163A990800947D39 /* KPTools.h */,
				5F4E6A17163A990800947D39 /* KPTools.m */,
				5F27BFF4163F6F2E00B4C89A /* config.plist */,
				5F27BFF6163F6F4600B4C89A /* KPConfig.h */,
				5F27BFF7163F6F4600B4C89A /* KPConfig.m */,
			);
			path = SDK;
			sourceTree = "<group>";
		};
/* End PBXGroup section */

/* Begin PBXNativeTarget section */
		5F4E69C0163A8EC800947D39 /* KuaiPan */ = {
			isa = PBXNativeTarget;
			buildConfigurationList = 5F4E69E5163A8EC900947D39 /* Build configuration list for PBXNativeTarget "KuaiPan" */;
			buildPhases = (
				5F4E69BD163A8EC800947D39 /* Sources */,
				5F4E69BE163A8EC800947D39 /* Frameworks */,
				5F4E69BF163A8EC800947D39 /* Resources */,
			);
			buildRules = (
			);
			dependencies = (
			);
			name = KuaiPan;
			productName = KuaiPan;
			productReference = 5F4E69C1163A8EC800947D39 /* KuaiPan.app */;
			productType = "com.apple.product-type.application";
		};
/* End PBXNativeTarget section */

/* Begin PBXProject section */
		5F4E69B8163A8EC800947D39 /* Project object */ = {
			isa = PBXProject;
			attributes = {
				CLASSPREFIX = KP;
				LastUpgradeCheck = 0450;
				ORGANIZATIONNAME = zrz;
			};
			buildConfigurationList = 5F4E69BB163A8EC800947D39 /* Build configuration list for PBXProject "KuaiPan" */;
			compatibilityVersion = "Xcode 3.2";
			developmentRegion = English;
			hasScannedForEncodings = 0;
			knownRegions = (
				en,
			);
			mainGroup = 5F4E69B6163A8EC800947D39;
			productRefGroup = 5F4E69C2163A8EC800947D39 /* Products */;
			projectDirPath = "";
			projectRoot = "";
			targets = (
				5F4E69C0163A8EC800947D39 /* KuaiPan */,
			);
		};
/* End PBXProject section */

/* Begin PBXResourcesBuildPhase section */
		5F4E69BF163A8EC800947D39 /* Resources */ = {
			isa = PBXResourcesBuildPhase;
			buildActionMask = 2147483647;
			files = (
				5F4E69D0163A8EC900947D39 /* InfoPlist.strings in Resources */,
				5F4E69D8163A8EC900947D39 /* Default.png in Resources */,
				5F4E69DA163A8EC900947D39 /* Default@2x.png in Resources */,
				5F4E69DC163A8EC900947D39 /* Default-568h@2x.png in Resources */,
				5F4E69E2163A8EC900947D39 /* KPViewController.xib in Resources */,
				5F27BFF5163F6F2E00B4C89A /* config.plist in Resources */,
				5F27BFFA163F8FD700B4C89A /* qb.jpg in Resources */,
			);
			runOnlyForDeploymentPostprocessing = 0;
		};
/* End PBXResourcesBuildPhase section */

/* Begin PBXSourcesBuildPhase section */
		5F4E69BD163A8EC800947D39 /* Sources */ = {
			isa = PBXSourcesBuildPhase;
			buildActionMask = 2147483647;
			files = (
				5F4E69D2163A8EC900947D39 /* main.m in Sources */,
				5F4E69D6163A8EC900947D39 /* KPAppDelegate.m in Sources */,
				5F4E69DF163A8EC900947D39 /* KPViewController.m in Sources */,
				5F4E69FC163A8EF100947D39 /* AFHTTPClient.m in Sources */,
				5F4E69FD163A8EF100947D39 /* AFHTTPRequestOperation.m in Sources */,
				5F4E69FE163A8EF100947D39 /* AFImageRequestOperation.m in Sources */,
				5F4E69FF163A8EF100947D39 /* AFJSONRequestOperation.m in Sources */,
				5F4E6A00163A8EF100947D39 /* AFNetworkActivityIndicatorManager.m in Sources */,
				5F4E6A01163A8EF100947D39 /* AFPropertyListRequestOperation.m in Sources */,
				5F4E6A02163A8EF100947D39 /* AFURLConnectionOperation.m in Sources */,
				5F4E6A03163A8EF100947D39 /* AFXMLRequestOperation.m in Sources */,
				5F4E6A04163A8EF100947D39 /* UIImageView+AFNetworking.m in Sources */,
				5F4E6A08163A904400947D39 /* KPClient.m in Sources */,
				5F4E6A0B163A907300947D39 /* KPOAuth.m in Sources */,
				5F4E6A18163A990900947D39 /* KPTools.m in Sources */,
				5F1333CD163E327F00041DE5 /* NSObject+SBJson.m in Sources */,
				5F1333CE163E327F00041DE5 /* SBJsonParser.m in Sources */,
				5F1333CF163E327F00041DE5 /* SBJsonStreamParser.m in Sources */,
				5F1333D0163E327F00041DE5 /* SBJsonStreamParserAccumulator.m in Sources */,
				5F1333D1163E327F00041DE5 /* SBJsonStreamParserAdapter.m in Sources */,
				5F1333D2163E327F00041DE5 /* SBJsonStreamParserState.m in Sources */,
				5F1333D3163E327F00041DE5 /* SBJsonStreamWriter.m in Sources */,
				5F1333D4163E327F00041DE5 /* SBJsonStreamWriterAccumulator.m in Sources */,
				5F1333D5163E327F00041DE5 /* SBJsonStreamWriterState.m in Sources */,
				5F1333D6163E327F00041DE5 /* SBJsonTokeniser.m in Sources */,
				5F1333D7163E327F00041DE5 /* SBJsonUTF8Stream.m in Sources */,
				5F1333D8163E327F00041DE5 /* SBJsonWriter.m in Sources */,
				5F1333E1163E37EC00041DE5 /* MTSelecterTransation.m in Sources */,
				5FB21D39163E5CBC0081E575 /* KPOAuthInfo.m in Sources */,
				FE9116E8163ED78E00D380D8 /* KPAuthorizeViewController.m in Sources */,
				5F27BFF2163F6EAA00B4C89A /* MTConfig.m in Sources */,
				5F27BFF8163F6F4600B4C89A /* KPConfig.m in Sources */,
			);
			runOnlyForDeploymentPostprocessing = 0;
		};
/* End PBXSourcesBuildPhase section */

/* Begin PBXVariantGroup section */
		5F4E69CE163A8EC900947D39 /* InfoPlist.strings */ = {
			isa = PBXVariantGroup;
			children = (
				5F4E69CF163A8EC900947D39 /* en */,
			);
			name = InfoPlist.strings;
			sourceTree = "<group>";
		};
		5F4E69E0163A8EC900947D39 /* KPViewController.xib */ = {
			isa = PBXVariantGroup;
			children = (
				5F4E69E1163A8EC900947D39 /* en */,
			);
			name = KPViewController.xib;
			sourceTree = "<group>";
		};
/* End PBXVariantGroup section */

/* Begin XCBuildConfiguration section */
		5F4E69E3163A8EC900947D39 /* Debug */ = {
			isa = XCBuildConfiguration;
			buildSettings = {
				ALWAYS_SEARCH_USER_PATHS = NO;
				CLANG_CXX_LANGUAGE_STANDARD = "gnu++0x";
				CLANG_CXX_LIBRARY = "libc++";
				CLANG_ENABLE_OBJC_ARC = YES;
				CLANG_WARN_EMPTY_BODY = YES;
				CLANG_WARN__DUPLICATE_METHOD_MATCH = YES;
				"CODE_SIGN_IDENTITY[sdk=iphoneos*]" = "iPhone Developer";
				COPY_PHASE_STRIP = NO;
				GCC_C_LANGUAGE_STANDARD = gnu99;
				GCC_DYNAMIC_NO_PIC = NO;
				GCC_OPTIMIZATION_LEVEL = 0;
				GCC_PREPROCESSOR_DEFINITIONS = (
					"DEBUG=1",
					"$(inherited)",
				);
				GCC_SYMBOLS_PRIVATE_EXTERN = NO;
				GCC_WARN_ABOUT_RETURN_TYPE = YES;
				GCC_WARN_UNINITIALIZED_AUTOS = YES;
				GCC_WARN_UNUSED_VARIABLE = YES;
				IPHONEOS_DEPLOYMENT_TARGET = 6.0;
				SDKROOT = iphoneos;
			};
			name = Debug;
		};
		5F4E69E4163A8EC900947D39 /* Release */ = {
			isa = XCBuildConfiguration;
			buildSettings = {
				ALWAYS_SEARCH_USER_PATHS = NO;
				CLANG_CXX_LANGUAGE_STANDARD = "gnu++0x";
				CLANG_CXX_LIBRARY = "libc++";
				CLANG_ENABLE_OBJC_ARC = YES;
				CLANG_WARN_EMPTY_BODY = YES;
				CLANG_WARN__DUPLICATE_METHOD_MATCH = YES;
				"CODE_SIGN_IDENTITY[sdk=iphoneos*]" = "iPhone Developer";
				COPY_PHASE_STRIP = YES;
				GCC_C_LANGUAGE_STANDARD = gnu99;
				GCC_WARN_ABOUT_RETURN_TYPE = YES;
				GCC_WARN_UNINITIALIZED_AUTOS = YES;
				GCC_WARN_UNUSED_VARIABLE = YES;
				IPHONEOS_DEPLOYMENT_TARGET = 6.0;
				OTHER_CFLAGS = "-DNS_BLOCK_ASSERTIONS=1";
				SDKROOT = iphoneos;
				VALIDATE_PRODUCT = YES;
			};
			name = Release;
		};
		5F4E69E6163A8EC900947D39 /* Debug */ = {
			isa = XCBuildConfiguration;
			buildSettings = {
				GCC_PRECOMPILE_PREFIX_HEADER = YES;
				GCC_PREFIX_HEADER = "KuaiPan/KuaiPan-Prefix.pch";
				INFOPLIST_FILE = "KuaiPan/KuaiPan-Info.plist";
				IPHONEOS_DEPLOYMENT_TARGET = 6.0;
				LIBRARY_SEARCH_PATHS = (
					"$(inherited)",
					"\"$(SDKROOT)/usr/lib/system\"",
				);
				PRODUCT_NAME = "$(TARGET_NAME)";
				WRAPPER_EXTENSION = app;
			};
			name = Debug;
		};
		5F4E69E7163A8EC900947D39 /* Release */ = {
			isa = XCBuildConfiguration;
			buildSettings = {
				GCC_PRECOMPILE_PREFIX_HEADER = YES;
				GCC_PREFIX_HEADER = "KuaiPan/KuaiPan-Prefix.pch";
				INFOPLIST_FILE = "KuaiPan/KuaiPan-Info.plist";
				IPHONEOS_DEPLOYMENT_TARGET = 6.0;
				LIBRARY_SEARCH_PATHS = (
					"$(inherited)",
					"\"$(SDKROOT)/usr/lib/system\"",
				);
				PRODUCT_NAME = "$(TARGET_NAME)";
				WRAPPER_EXTENSION = app;
			};
			name = Release;
		};
/* End XCBuildConfiguration section */

/* Begin XCConfigurationList section */
		5F4E69BB163A8EC800947D39 /* Build configuration list for PBXProject "KuaiPan" */ = {
			isa = XCConfigurationList;
			buildConfigurations = (
				5F4E69E3163A8EC900947D39 /* Debug */,
				5F4E69E4163A8EC900947D39 /* Release */,
			);
			defaultConfigurationIsVisible = 0;
			defaultConfigurationName = Release;
		};
		5F4E69E5163A8EC900947D39 /* Build configuration list for PBXNativeTarget "KuaiPan" */ = {
			isa = XCConfigurationList;
			buildConfigurations = (
				5F4E69E6163A8EC900947D39 /* Debug */,
				5F4E69E7163A8EC900947D39 /* Release */,
			);
			defaultConfigurationIsVisible = 0;
			defaultConfigurationName = Release;
		};
/* End XCConfigurationList section */
	};
	rootObject = 5F4E69B8163A8EC800947D39 /* Project object */;
}
